
Microsoft Visual Studio Solution File, Format Version 12.00
# Visual Studio Version 17
VisualStudioVersion = 17.14.36301.6 d17.14
MinimumVisualStudioVersion = 10.0.40219.1
Project("{FAE04EC0-301F-11D3-BF4B-00C04F79EFBC}") = "BankSystem_Business", "BankSystem_Business.csproj", "{B17DB301-A522-4D35-A2B3-BF6546A6A9A5}"
EndProject
Global
	GlobalSection(SolutionConfigurationPlatforms) = preSolution
		Debug|Any CPU = Debug|Any CPU
		Release|Any CPU = Release|Any CPU
	EndGlobalSection
	GlobalSection(ProjectConfigurationPlatforms) = postSolution
		{B17DB301-A522-4D35-A2B3-BF6546A6A9A5}.Debug|Any CPU.ActiveCfg = Debug|Any CPU
		{B17DB301-A522-4D35-A2B3-BF6546A6A9A5}.Debug|Any CPU.Build.0 = Debug|Any CPU
		{B17DB301-A522-4D35-A2B3-BF6546A6A9A5}.Release|Any CPU.ActiveCfg = Release|Any CPU
		{B17DB301-A522-4D35-A2B3-BF6546A6A9A5}.Release|Any CPU.Build.0 = Release|Any CPU
	EndGlobalSection
	GlobalSection(SolutionProperties) = preSolution
		HideSolutionNode = FALSE
	EndGlobalSection
	GlobalSection(ExtensibilityGlobals) = postSolution
		SolutionGuid = {B616E989-38FD-406C-9B20-E3F9438CFE81}
	EndGlobalSection
EndGlobal
