
Microsoft Visual Studio Solution File, Format Version 12.00
# Visual Studio Version 17
VisualStudioVersion = 17.14.36301.6
MinimumVisualStudioVersion = 10.0.40219.1
Project("{FAE04EC0-301F-11D3-BF4B-00C04F79EFBC}") = "BankSystem_UI", "BankSystem_UI.csproj", "{8A0D0E89-9F81-4FEA-AA9A-29C5A2549EC4}"
EndProject
Project("{FAE04EC0-301F-11D3-BF4B-00C04F79EFBC}") = "BankSystem_Data", "..\BankSystem_Data\BankSystem_Data.csproj", "{6D158EEC-DB26-40B1-83BF-6C881E3004A6}"
EndProject
Project("{FAE04EC0-301F-11D3-BF4B-00C04F79EFBC}") = "BankSystem_Business", "..\BankSystem_Business\BankSystem_Business.csproj", "{B17DB301-A522-4D35-A2B3-BF6546A6A9A5}"
EndProject
Global
	GlobalSection(SolutionConfigurationPlatforms) = preSolution
		Debug|Any CPU = Debug|Any CPU
		Release|Any CPU = Release|Any CPU
	EndGlobalSection
	GlobalSection(ProjectConfigurationPlatforms) = postSolution
		{8A0D0E89-9F81-4FEA-AA9A-29C5A2549EC4}.Debug|Any CPU.ActiveCfg = Debug|Any CPU
		{8A0D0E89-9F81-4FEA-AA9A-29C5A2549EC4}.Debug|Any CPU.Build.0 = Debug|Any CPU
		{8A0D0E89-9F81-4FEA-AA9A-29C5A2549EC4}.Release|Any CPU.ActiveCfg = Release|Any CPU
		{8A0D0E89-9F81-4FEA-AA9A-29C5A2549EC4}.Release|Any CPU.Build.0 = Release|Any CPU
		{6D158EEC-DB26-40B1-83BF-6C881E3004A6}.Debug|Any CPU.ActiveCfg = Debug|Any CPU
		{6D158EEC-DB26-40B1-83BF-6C881E3004A6}.Debug|Any CPU.Build.0 = Debug|Any CPU
		{6D158EEC-DB26-40B1-83BF-6C881E3004A6}.Release|Any CPU.ActiveCfg = Release|Any CPU
		{6D158EEC-DB26-40B1-83BF-6C881E3004A6}.Release|Any CPU.Build.0 = Release|Any CPU
		{B17DB301-A522-4D35-A2B3-BF6546A6A9A5}.Debug|Any CPU.ActiveCfg = Debug|Any CPU
		{B17DB301-A522-4D35-A2B3-BF6546A6A9A5}.Debug|Any CPU.Build.0 = Debug|Any CPU
		{B17DB301-A522-4D35-A2B3-BF6546A6A9A5}.Release|Any CPU.ActiveCfg = Release|Any CPU
		{B17DB301-A522-4D35-A2B3-BF6546A6A9A5}.Release|Any CPU.Build.0 = Release|Any CPU
	EndGlobalSection
	GlobalSection(SolutionProperties) = preSolution
		HideSolutionNode = FALSE
	EndGlobalSection
	GlobalSection(ExtensibilityGlobals) = postSolution
		SolutionGuid = {7064021F-8273-4AB1-AE95-3949E69C7E8E}
	EndGlobalSection
EndGlobal
